
Microsoft Visual Studio Solution File, Format Version 12.00
# Visual Studio Version 17
VisualStudioVersion = 17.10.35027.167
MinimumVisualStudioVersion = 10.0.40219.1
Project("{FAE04EC0-301F-11D3-BF4B-00C04F79EFBC}") = "MusicLibrary.Api", "MusicLibrary.Api\MusicLibrary.Api.csproj", "{52DC4572-1FB1-4132-8827-ABA6A7D1F97E}"
EndProject
Project("{FAE04EC0-301F-11D3-BF4B-00C04F79EFBC}") = "MusicLibrary.DataAccess", "..\MusicLibrary.DataAccess\MusicLibrary.DataAccess.csproj", "{DD5A34B5-0B3A-46F0-9CD8-6509D3E4B2B0}"
EndProject
Project("{FAE04EC0-301F-11D3-BF4B-00C04F79EFBC}") = "MusicLibrary.BusinessLayer", "..\MusicLibrary.BusinessLayer\MusicLibrary.BusinessLayer.csproj", "{BA21EEEF-CAF5-4765-908D-987E9645BB7C}"
EndProject
Global
	GlobalSection(SolutionConfigurationPlatforms) = preSolution
		Debug|Any CPU = Debug|Any CPU
		Release|Any CPU = Release|Any CPU
	EndGlobalSection
	GlobalSection(ProjectConfigurationPlatforms) = postSolution
		{52DC4572-1FB1-4132-8827-ABA6A7D1F97E}.Debug|Any CPU.ActiveCfg = Debug|Any CPU
		{52DC4572-1FB1-4132-8827-ABA6A7D1F97E}.Debug|Any CPU.Build.0 = Debug|Any CPU
		{52DC4572-1FB1-4132-8827-ABA6A7D1F97E}.Release|Any CPU.ActiveCfg = Release|Any CPU
		{52DC4572-1FB1-4132-8827-ABA6A7D1F97E}.Release|Any CPU.Build.0 = Release|Any CPU
		{DD5A34B5-0B3A-46F0-9CD8-6509D3E4B2B0}.Debug|Any CPU.ActiveCfg = Debug|Any CPU
		{DD5A34B5-0B3A-46F0-9CD8-6509D3E4B2B0}.Debug|Any CPU.Build.0 = Debug|Any CPU
		{DD5A34B5-0B3A-46F0-9CD8-6509D3E4B2B0}.Release|Any CPU.ActiveCfg = Release|Any CPU
		{DD5A34B5-0B3A-46F0-9CD8-6509D3E4B2B0}.Release|Any CPU.Build.0 = Release|Any CPU
		{BA21EEEF-CAF5-4765-908D-987E9645BB7C}.Debug|Any CPU.ActiveCfg = Debug|Any CPU
		{BA21EEEF-CAF5-4765-908D-987E9645BB7C}.Debug|Any CPU.Build.0 = Debug|Any CPU
		{BA21EEEF-CAF5-4765-908D-987E9645BB7C}.Release|Any CPU.ActiveCfg = Release|Any CPU
		{BA21EEEF-CAF5-4765-908D-987E9645BB7C}.Release|Any CPU.Build.0 = Release|Any CPU
	EndGlobalSection
	GlobalSection(SolutionProperties) = preSolution
		HideSolutionNode = FALSE
	EndGlobalSection
	GlobalSection(ExtensibilityGlobals) = postSolution
		SolutionGuid = {40D761A6-24C6-446D-B065-D410B1033D93}
	EndGlobalSection
EndGlobal
